github.com/davecgh/go-spew v1.1.1 h1:vj9j/u1bqnvCEfJOwUhtlOARqs3+rkHYY13jYWTU97c=
github.com/davecgh/go-spew v1.1.1/go.mod h1:J7Y8YcW2NihsgmVo/mv3lAwl/skON4iLHjSsI+c5H38=
github.com/lekuruu/ubisoft-game-service/cdkey v0.0.0-20240831105814-85a1b7e9b455 h1:WB/vrEsIpJAoZKDyhpdXTbRVYezqJ8WlxvIDy/w5XlE=
github.com/lekuruu/ubisoft-game-service/cdkey v0.0.0-20240831105814-85a1b7e9b455/go.mod h1:gBtU8q5n93F2lZ4GFebKcxvY20uDKjbl/Vgpc6lNPSc=
github.com/lekuruu/ubisoft-game-service/common v0.0.0-20240831105814-85a1b7e9b455 h1:CPRFFUycTmo8cYZB9m/FWJpsS+eQz/rv0dKXL5oL0dM=
github.com/lekuruu/ubisoft-game-service/common v0.0.0-20240831105814-85a1b7e9b455/go.mod h1:LKMpaEj+QuKr5Y8fKUClky9umEiYJ8N5tKbm8j3WHFk=
github.com/lekuruu/ubisoft-game-service/gsconnect v0.0.0-20240831105814-85a1b7e9b455 h1:8oQy40GPTpZOVFl1hOzqBYAKorV8gPo8h7Penl7NlHM=
github.com/lekuruu/ubisoft-game-service/gsconnect v0.0.0-20240831105814-85a1b7e9b455/go.mod h1:ouaMjXB2A008lVocGWkr1mC+QP8DH7X0DdS+oPIhSH8=
github.com/lekuruu/ubisoft-game-service/gsnat v0.0.0-20240831105814-85a1b7e9b455 h1:pmywc2nH/q6T34fyHe4jXedwzldTm/F1NiU0/Pgf4H0=
github.com/lekuruu/ubisoft-game-service/gsnat v0.0.0-20240831105814-85a1b7e9b455/go.mod h1:WaPL79HP+/LQrdDDCGTT1vtE12IgQOq0/miysB0rwCE=
github.com/lekuruu/ubisoft-game-service/router v0.0.0-20240831105814-85a1b7e9b455 h1:SXCEuYDRQIhXTbC492cV82nxWisYeN0E4qU4/YMEBxU=
github.com/lekuruu/ubisoft-game-service/router v0.0.0-20240831105814-85a1b7e9b455/go.mod h1:qQ+gWgeJbLKGtZFydDje+UxnI6JuAxA6CU2IrRImtms=
github.com/pelletier/go-toml/v2 v2.2.3 h1:YmeHyLY8mFWbdkNWwpr+qIL2bEqT0o95WSdkNHvL12M=
github.com/pelletier/go-toml/v2 v2.2.3/go.mod h1:MfCQTFTvCcUyyvvwm1+G6H/jORL20Xlb6rzQu9GuUkc=
github.com/pmezard/go-difflib v1.0.0 h1:4DBwDE0NGyQoBHbLQYPwSUPoCMWR5BEzIk/f1lZbAQM=
github.com/pmezard/go-difflib v1.0.0/go.mod h1:iKH77koFhYxTK1pcRnkKkqfTogsbg7gZNVY4sRDYZ/4=
github.com/stretchr/testify v1.9.0 h1:HtqpIVDClZ4nwg75+f6Lvsy/wHu+3BoSGCbBAcpTsTg=
github.com/stretchr/testify v1.9.0/go.mod h1:r2ic/lqez/lEtzL7wO/rwa5dbSLXVDPFyf8C91i36aY=
golang.org/x/exp v0.0.0-20240823005443-9b4947da3948 h1:kx6Ds3MlpiUHKj7syVnbp57++8WpuKPcR5yjLBjvLEA=
golang.org/x/exp v0.0.0-20240823005443-9b4947da3948/go.mod h1:akd2r19cwCdwSwWeIdzYQGa/EZZyqcOdwWiwj5L5eKQ=
gopkg.in/yaml.v3 v3.0.1 h1:fxVm/GzAzEWqLHuvctI91KS9hhNmmWOoWu0XTYJS7CA=
gopkg.in/yaml.v3 v3.0.1/go.mod h1:K4uyk7z7BCEPqu6E+C64Yfv1cQ7kz7rIZviUmN+EgEM=
